// !$*UTF8*$!
{
	archiveVersion = 1;
	classes = {
	};
	objectVersion = 55;
	objects = {

/* Begin PBXAggregateTarget section */
		ED6E73F62935B43B001855DD /* aggregate */ = {
			isa = PBXAggregateTarget;
			buildConfigurationList = ED6E73F92935B43B001855DD /* Build configuration list for PBXAggregateTarget "aggregate" */;
			buildPhases = (
				ED6E73FC2935B489001855DD /* ShellScript */,
			);
			dependencies = (
				ED6E73FB2935B47C001855DD /* PBXTargetDependency */,
			);
			name = aggregate;
			productName = aggregate;
		};
/* End PBXAggregateTarget section */

/* Begin PBXBuildFile section */
		ED6E73DD2935B0BE001855DD /* LizhSDK.h in Headers */ = {isa = PBXBuildFile; fileRef = ED6E73DC2935B0BE001855DD /* LizhSDK.h */; settings = {ATTRIBUTES = (Public, ); }; };
		ED6E73E52935B0D8001855DD /* LizhHeader.h in Headers */ = {isa = PBXBuildFile; fileRef = ED6E73E32935B0D8001855DD /* LizhHeader.h */; settings = {ATTRIBUTES = (Public, ); }; };
		ED6E73E62935B0D8001855DD /* LizhHeader.m in Sources */ = {isa = PBXBuildFile; fileRef = ED6E73E42935B0D8001855DD /* LizhHeader.m */; };
/* End PBXBuildFile section */

/* Begin PBXContainerItemProxy section */
		ED6E73FA2935B47C001855DD /* PBXContainerItemProxy */ = {
			isa = PBXContainerItemProxy;
			containerPortal = ED6E73D02935B0BE001855DD /* Project object */;
			proxyType = 1;
			remoteGlobalIDString = ED6E73D82935B0BE001855DD;
			remoteInfo = LizhSDK;
		};
/* End PBXContainerItemProxy section */

/* Begin PBXFileReference section */
		ED6E73D92935B0BE001855DD /* LizhSDK.framework */ = {isa = PBXFileReference; explicitFileType = wrapper.framework; includeInIndex = 0; path = LizhSDK.framework; sourceTree = BUILT_PRODUCTS_DIR; };
		ED6E73DC2935B0BE001855DD /* LizhSDK.h */ = {isa = PBXFileReference; lastKnownFileType = sourcecode.c.h; path = LizhSDK.h; sourceTree = "<group>"; };
		ED6E73E32935B0D8001855DD /* LizhHeader.h */ = {isa = PBXFileReference; lastKnownFileType = sourcecode.c.h; path = LizhHeader.h; sourceTree = "<group>"; };
		ED6E73E42935B0D8001855DD /* LizhHeader.m */ = {isa = PBXFileReference; lastKnownFileType = sourcecode.c.objc; path = LizhHeader.m; sourceTree = "<group>"; };
/* End PBXFileReference section */

/* Begin PBXFrameworksBuildPhase section */
		ED6E73D62935B0BE001855DD /* Frameworks */ = {
			isa = PBXFrameworksBuildPhase;
			buildActionMask = 2147483647;
			files = (
			);
			runOnlyForDeploymentPostprocessing = 0;
		};
/* End PBXFrameworksBuildPhase section */

/* Begin PBXGroup section */
		ED6E73CF2935B0BE001855DD = {
			isa = PBXGroup;
			children = (
				ED6E73DB2935B0BE001855DD /* LizhSDK */,
				ED6E73DA2935B0BE001855DD /* Products */,
			);
			sourceTree = "<group>";
		};
		ED6E73DA2935B0BE001855DD /* Products */ = {
			isa = PBXGroup;
			children = (
				ED6E73D92935B0BE001855DD /* LizhSDK.framework */,
			);
			name = Products;
			sourceTree = "<group>";
		};
		ED6E73DB2935B0BE001855DD /* LizhSDK */ = {
			isa = PBXGroup;
			children = (
				ED6E73DC2935B0BE001855DD /* LizhSDK.h */,
				ED6E73E32935B0D8001855DD /* LizhHeader.h */,
				ED6E73E42935B0D8001855DD /* LizhHeader.m */,
			);
			path = LizhSDK;
			sourceTree = "<group>";
		};
/* End PBXGroup section */

/* Begin PBXHeadersBuildPhase section */
		ED6E73D42935B0BE001855DD /* Headers */ = {
			isa = PBXHeadersBuildPhase;
			buildActionMask = 2147483647;
			files = (
				ED6E73E52935B0D8001855DD /* LizhHeader.h in Headers */,
				ED6E73DD2935B0BE001855DD /* LizhSDK.h in Headers */,
			);
			runOnlyForDeploymentPostprocessing = 0;
		};
/* End PBXHeadersBuildPhase section */

/* Begin PBXNativeTarget section */
		ED6E73D82935B0BE001855DD /* LizhSDK */ = {
			isa = PBXNativeTarget;
			buildConfigurationList = ED6E73E02935B0BE001855DD /* Build configuration list for PBXNativeTarget "LizhSDK" */;
			buildPhases = (
				ED6E73D42935B0BE001855DD /* Headers */,
				ED6E73D52935B0BE001855DD /* Sources */,
				ED6E73D62935B0BE001855DD /* Frameworks */,
				ED6E73D72935B0BE001855DD /* Resources */,
			);
			buildRules = (
			);
			dependencies = (
			);
			name = LizhSDK;
			productName = LizhSDK;
			productReference = ED6E73D92935B0BE001855DD /* LizhSDK.framework */;
			productType = "com.apple.product-type.framework";
		};
/* End PBXNativeTarget section */

/* Begin PBXProject section */
		ED6E73D02935B0BE001855DD /* Project object */ = {
			isa = PBXProject;
			attributes = {
				BuildIndependentTargetsInParallel = 1;
				LastUpgradeCheck = 1340;
				TargetAttributes = {
					ED6E73D82935B0BE001855DD = {
						CreatedOnToolsVersion = 13.4.1;
					};
					ED6E73F62935B43B001855DD = {
						CreatedOnToolsVersion = 13.4.1;
					};
				};
			};
			buildConfigurationList = ED6E73D32935B0BE001855DD /* Build configuration list for PBXProject "LizhSDK" */;
			compatibilityVersion = "Xcode 13.0";
			developmentRegion = en;
			hasScannedForEncodings = 0;
			knownRegions = (
				en,
				Base,
			);
			mainGroup = ED6E73CF2935B0BE001855DD;
			productRefGroup = ED6E73DA2935B0BE001855DD /* Products */;
			projectDirPath = "";
			projectRoot = "";
			targets = (
				ED6E73D82935B0BE001855DD /* LizhSDK */,
				ED6E73F62935B43B001855DD /* aggregate */,
			);
		};
/* End PBXProject section */

/* Begin PBXResourcesBuildPhase section */
		ED6E73D72935B0BE001855DD /* Resources */ = {
			isa = PBXResourcesBuildPhase;
			buildActionMask = 2147483647;
			files = (
			);
			runOnlyForDeploymentPostprocessing = 0;
		};
/* End PBXResourcesBuildPhase section */

/* Begin PBXShellScriptBuildPhase section */
		ED6E73FC2935B489001855DD /* ShellScript */ = {
			isa = PBXShellScriptBuildPhase;
			buildActionMask = 2147483647;
			files = (
			);
			inputFileListPaths = (
			);
			inputPaths = (
			);
			outputFileListPaths = (
			);
			outputPaths = (
			);
			runOnlyForDeploymentPostprocessing = 0;
			shellPath = /bin/sh;
			shellScript = " TARGET_NAME=${PROJECT_NAME}\n OUTPUT_DIR=${SRCROOT}/Products/${TARGET_NAME}.framework\n DEVICE_DIR=${BUILD_ROOT}/${CONFIGURATION}-iphoneos/${TARGET_NAME}.framework\n SIMULATOR_DIR=${BUILD_ROOT}/${CONFIGURATION}-iphonesimulator/${TARGET_NAME}.framework\n \n if [ -d \"${OUTPUT_DIR}\" ]\n then\n rm -rf \"${OUTPUT_DIR}\"\n fi\n \n mkdir -p \"${OUTPUT_DIR}\"\n cp -R \"${DEVICE_DIR}/\" \"${OUTPUT_DIR}/\"\n \n lipo -create \"${DEVICE_DIR}/${TARGET_NAME}\" \"${SIMULATOR_DIR}/${TARGET_NAME}\" -output \"${OUTPUT_DIR}/${TARGET_NAME}\"\n \n open \"${SRCROOT}/Products\"\n";
		};
/* End PBXShellScriptBuildPhase section */

/* Begin PBXSourcesBuildPhase section */
		ED6E73D52935B0BE001855DD /* Sources */ = {
			isa = PBXSourcesBuildPhase;
			buildActionMask = 2147483647;
			files = (
				ED6E73E62935B0D8001855DD /* LizhHeader.m in Sources */,
			);
			runOnlyForDeploymentPostprocessing = 0;
		};
/* End PBXSourcesBuildPhase section */

/* Begin PBXTargetDependency section */
		ED6E73FB2935B47C001855DD /* PBXTargetDependency */ = {
			isa = PBXTargetDependency;
			target = ED6E73D82935B0BE001855DD /* LizhSDK */;
			targetProxy = ED6E73FA2935B47C001855DD /* PBXContainerItemProxy */;
		};
/* End PBXTargetDependency section */

/* Begin XCBuildConfiguration section */
		ED6E73DE2935B0BE001855DD /* Debug */ = {
			isa = XCBuildConfiguration;
			buildSettings = {
				ALWAYS_SEARCH_USER_PATHS = NO;
				CLANG_ANALYZER_NONNULL = YES;
				CLANG_ANALYZER_NUMBER_OBJECT_CONVERSION = YES_AGGRESSIVE;
				CLANG_CXX_LANGUAGE_STANDARD = "gnu++17";
				CLANG_ENABLE_MODULES = YES;
				CLANG_ENABLE_OBJC_ARC = YES;
				CLANG_ENABLE_OBJC_WEAK = YES;
				CLANG_WARN_BLOCK_CAPTURE_AUTORELEASING = YES;
				CLANG_WARN_BOOL_CONVERSION = YES;
				CLANG_WARN_COMMA = YES;
				CLANG_WARN_CONSTANT_CONVERSION = YES;
				CLANG_WARN_DEPRECATED_OBJC_IMPLEMENTATIONS = YES;
				CLANG_WARN_DIRECT_OBJC_ISA_USAGE = YES_ERROR;
				CLANG_WARN_DOCUMENTATION_COMMENTS = YES;
				CLANG_WARN_EMPTY_BODY = YES;
				CLANG_WARN_ENUM_CONVERSION = YES;
				CLANG_WARN_INFINITE_RECURSION = YES;
				CLANG_WARN_INT_CONVERSION = YES;
				CLANG_WARN_NON_LITERAL_NULL_CONVERSION = YES;
				CLANG_WARN_OBJC_IMPLICIT_RETAIN_SELF = YES;
				CLANG_WARN_OBJC_LITERAL_CONVERSION = YES;
				CLANG_WARN_OBJC_ROOT_CLASS = YES_ERROR;
				CLANG_WARN_QUOTED_INCLUDE_IN_FRAMEWORK_HEADER = YES;
				CLANG_WARN_RANGE_LOOP_ANALYSIS = YES;
				CLANG_WARN_STRICT_PROTOTYPES = YES;
				CLANG_WARN_SUSPICIOUS_MOVE = YES;
				CLANG_WARN_UNGUARDED_AVAILABILITY = YES_AGGRESSIVE;
				CLANG_WARN_UNREACHABLE_CODE = YES;
				CLANG_WARN__DUPLICATE_METHOD_MATCH = YES;
				COPY_PHASE_STRIP = NO;
				CURRENT_PROJECT_VERSION = 1;
				DEBUG_INFORMATION_FORMAT = dwarf;
				ENABLE_STRICT_OBJC_MSGSEND = YES;
				ENABLE_TESTABILITY = YES;
				GCC_C_LANGUAGE_STANDARD = gnu11;
				GCC_DYNAMIC_NO_PIC = NO;
				GCC_NO_COMMON_BLOCKS = YES;
				GCC_OPTIMIZATION_LEVEL = 0;
				GCC_PREPROCESSOR_DEFINITIONS = (
					"DEBUG=1",
					"$(inherited)",
				);
				GCC_WARN_64_TO_32_BIT_CONVERSION = YES;
				GCC_WARN_ABOUT_RETURN_TYPE = YES_ERROR;
				GCC_WARN_UNDECLARED_SELECTOR = YES;
				GCC_WARN_UNINITIALIZED_AUTOS = YES_AGGRESSIVE;
				GCC_WARN_UNUSED_FUNCTION = YES;
				GCC_WARN_UNUSED_VARIABLE = YES;
				IPHONEOS_DEPLOYMENT_TARGET = 9.0;
				MTL_ENABLE_DEBUG_INFO = INCLUDE_SOURCE;
				MTL_FAST_MATH = YES;
				ONLY_ACTIVE_ARCH = YES;
				SDKROOT = iphoneos;
				VERSIONING_SYSTEM = "apple-generic";
				VERSION_INFO_PREFIX = "";
			};
			name = Debug;
		};
		ED6E73DF2935B0BE001855DD /* Release */ = {
			isa = XCBuildConfiguration;
			buildSettings = {
				ALWAYS_SEARCH_USER_PATHS = NO;
				CLANG_ANALYZER_NONNULL = YES;
				CLANG_ANALYZER_NUMBER_OBJECT_CONVERSION = YES_AGGRESSIVE;
				CLANG_CXX_LANGUAGE_STANDARD = "gnu++17";
				CLANG_ENABLE_MODULES = YES;
				CLANG_ENABLE_OBJC_ARC = YES;
				CLANG_ENABLE_OBJC_WEAK = YES;
				CLANG_WARN_BLOCK_CAPTURE_AUTORELEASING = YES;
				CLANG_WARN_BOOL_CONVERSION = YES;
				CLANG_WARN_COMMA = YES;
				CLANG_WARN_CONSTANT_CONVERSION = YES;
				CLANG_WARN_DEPRECATED_OBJC_IMPLEMENTATIONS = YES;
				CLANG_WARN_DIRECT_OBJC_ISA_USAGE = YES_ERROR;
				CLANG_WARN_DOCUMENTATION_COMMENTS = YES;
				CLANG_WARN_EMPTY_BODY = YES;
				CLANG_WARN_ENUM_CONVERSION = YES;
				CLANG_WARN_INFINITE_RECURSION = YES;
				CLANG_WARN_INT_CONVERSION = YES;
				CLANG_WARN_NON_LITERAL_NULL_CONVERSION = YES;
				CLANG_WARN_OBJC_IMPLICIT_RETAIN_SELF = YES;
				CLANG_WARN_OBJC_LITERAL_CONVERSION = YES;
				CLANG_WARN_OBJC_ROOT_CLASS = YES_ERROR;
				CLANG_WARN_QUOTED_INCLUDE_IN_FRAMEWORK_HEADER = YES;
				CLANG_WARN_RANGE_LOOP_ANALYSIS = YES;
				CLANG_WARN_STRICT_PROTOTYPES = YES;
				CLANG_WARN_SUSPICIOUS_MOVE = YES;
				CLANG_WARN_UNGUARDED_AVAILABILITY = YES_AGGRESSIVE;
				CLANG_WARN_UNREACHABLE_CODE = YES;
				CLANG_WARN__DUPLICATE_METHOD_MATCH = YES;
				COPY_PHASE_STRIP = NO;
				CURRENT_PROJECT_VERSION = 1;
				DEBUG_INFORMATION_FORMAT = "dwarf-with-dsym";
				ENABLE_NS_ASSERTIONS = NO;
				ENABLE_STRICT_OBJC_MSGSEND = YES;
				GCC_C_LANGUAGE_STANDARD = gnu11;
				GCC_NO_COMMON_BLOCKS = YES;
				GCC_WARN_64_TO_32_BIT_CONVERSION = YES;
				GCC_WARN_ABOUT_RETURN_TYPE = YES_ERROR;
				GCC_WARN_UNDECLARED_SELECTOR = YES;
				GCC_WARN_UNINITIALIZED_AUTOS = YES_AGGRESSIVE;
				GCC_WARN_UNUSED_FUNCTION = YES;
				GCC_WARN_UNUSED_VARIABLE = YES;
				IPHONEOS_DEPLOYMENT_TARGET = 9.0;
				MTL_ENABLE_DEBUG_INFO = NO;
				MTL_FAST_MATH = YES;
				SDKROOT = iphoneos;
				VALIDATE_PRODUCT = YES;
				VERSIONING_SYSTEM = "apple-generic";
				VERSION_INFO_PREFIX = "";
			};
			name = Release;
		};
		ED6E73E12935B0BE001855DD /* Debug */ = {
			isa = XCBuildConfiguration;
			buildSettings = {
				CODE_SIGN_STYLE = Automatic;
				CURRENT_PROJECT_VERSION = 1;
				DEFINES_MODULE = YES;
				DEVELOPMENT_TEAM = NFB7FMSSHU;
				DYLIB_COMPATIBILITY_VERSION = 1;
				DYLIB_CURRENT_VERSION = 1;
				DYLIB_INSTALL_NAME_BASE = "@rpath";
				ENABLE_BITCODE = NO;
				GENERATE_INFOPLIST_FILE = YES;
				INFOPLIST_KEY_NSHumanReadableCopyright = "";
				INSTALL_PATH = "$(LOCAL_LIBRARY_DIR)/Frameworks";
				IPHONEOS_DEPLOYMENT_TARGET = 9.0;
				LD_RUNPATH_SEARCH_PATHS = (
					"$(inherited)",
					"@executable_path/Frameworks",
					"@loader_path/Frameworks",
				);
				MACH_O_TYPE = staticlib;
				MARKETING_VERSION = 1.0;
				ONLY_ACTIVE_ARCH = NO;
				PRODUCT_BUNDLE_IDENTIFIER = com.lizh.LizhSDK;
				PRODUCT_NAME = "$(TARGET_NAME:c99extidentifier)";
				SKIP_INSTALL = YES;
				SUPPORTS_MACCATALYST = NO;
				SWIFT_EMIT_LOC_STRINGS = YES;
				TARGETED_DEVICE_FAMILY = 1;
			};
			name = Debug;
		};
		ED6E73E22935B0BE001855DD /* Release */ = {
			isa = XCBuildConfiguration;
			buildSettings = {
				CODE_SIGN_STYLE = Automatic;
				CURRENT_PROJECT_VERSION = 1;
				DEFINES_MODULE = YES;
				DEVELOPMENT_TEAM = NFB7FMSSHU;
				DYLIB_COMPATIBILITY_VERSION = 1;
				DYLIB_CURRENT_VERSION = 1;
				DYLIB_INSTALL_NAME_BASE = "@rpath";
				ENABLE_BITCODE = NO;
				GENERATE_INFOPLIST_FILE = YES;
				INFOPLIST_KEY_NSHumanReadableCopyright = "";
				INSTALL_PATH = "$(LOCAL_LIBRARY_DIR)/Frameworks";
				IPHONEOS_DEPLOYMENT_TARGET = 9.0;
				LD_RUNPATH_SEARCH_PATHS = (
					"$(inherited)",
					"@executable_path/Frameworks",
					"@loader_path/Frameworks",
				);
				MACH_O_TYPE = staticlib;
				MARKETING_VERSION = 1.0;
				PRODUCT_BUNDLE_IDENTIFIER = com.lizh.LizhSDK;
				PRODUCT_NAME = "$(TARGET_NAME:c99extidentifier)";
				SKIP_INSTALL = YES;
				SUPPORTS_MACCATALYST = NO;
				SWIFT_EMIT_LOC_STRINGS = YES;
				TARGETED_DEVICE_FAMILY = 1;
			};
			name = Release;
		};
		ED6E73F72935B43B001855DD /* Debug */ = {
			isa = XCBuildConfiguration;
			buildSettings = {
				CODE_SIGN_STYLE = Automatic;
				DEVELOPMENT_TEAM = NFB7FMSSHU;
				PRODUCT_NAME = "$(TARGET_NAME)";
			};
			name = Debug;
		};
		ED6E73F82935B43B001855DD /* Release */ = {
			isa = XCBuildConfiguration;
			buildSettings = {
				CODE_SIGN_STYLE = Automatic;
				DEVELOPMENT_TEAM = NFB7FMSSHU;
				PRODUCT_NAME = "$(TARGET_NAME)";
			};
			name = Release;
		};
/* End XCBuildConfiguration section */

/* Begin XCConfigurationList section */
		ED6E73D32935B0BE001855DD /* Build configuration list for PBXProject "LizhSDK" */ = {
			isa = XCConfigurationList;
			buildConfigurations = (
				ED6E73DE2935B0BE001855DD /* Debug */,
				ED6E73DF2935B0BE001855DD /* Release */,
			);
			defaultConfigurationIsVisible = 0;
			defaultConfigurationName = Release;
		};
		ED6E73E02935B0BE001855DD /* Build configuration list for PBXNativeTarget "LizhSDK" */ = {
			isa = XCConfigurationList;
			buildConfigurations = (
				ED6E73E12935B0BE001855DD /* Debug */,
				ED6E73E22935B0BE001855DD /* Release */,
			);
			defaultConfigurationIsVisible = 0;
			defaultConfigurationName = Release;
		};
		ED6E73F92935B43B001855DD /* Build configuration list for PBXAggregateTarget "aggregate" */ = {
			isa = XCConfigurationList;
			buildConfigurations = (
				ED6E73F72935B43B001855DD /* Debug */,
				ED6E73F82935B43B001855DD /* Release */,
			);
			defaultConfigurationIsVisible = 0;
			defaultConfigurationName = Release;
		};
/* End XCConfigurationList section */
	};
	rootObject = ED6E73D02935B0BE001855DD /* Project object */;
}
